// !$*UTF8*$!
{
	archiveVersion = 1;
	classes = {
	};
	objectVersion = 46;
	objects = {

/* Begin PBXBuildFile section */
		71966CED1A2934F4001F09BA /* main.c in Sources */ = {isa = PBXBuildFile; fileRef = 71966CEC1A2934F4001F09BA /* main.c */; };
		71966CF51A293502001F09BA /* func.c in Sources */ = {isa = PBXBuildFile; fileRef = 71966CF31A293502001F09BA /* func.c */; };
/* End PBXBuildFile section */

/* Begin PBXCopyFilesBuildPhase section */
		71966CE71A2934F4001F09BA /* CopyFiles */ = {
			isa = PBXCopyFilesBuildPhase;
			buildActionMask = 2147483647;
			dstPath = /usr/share/man/man1/;
			dstSubfolderSpec = 0;
			files = (
			);
			runOnlyForDeploymentPostprocessing = 1;
		};
/* End PBXCopyFilesBuildPhase section */

/* Begin PBXFileReference section */
		71966CE91A2934F4001F09BA /* two_list */ = {isa = PBXFileReference; explicitFileType = "compiled.mach-o.executable"; includeInIndex = 0; path = two_list; sourceTree = BUILT_PRODUCTS_DIR; };
		71966CEC1A2934F4001F09BA /* main.c */ = {isa = PBXFileReference; lastKnownFileType = sourcecode.c.c; path = main.c; sourceTree = "<group>"; };
		71966CF31A293502001F09BA /* func.c */ = {isa = PBXFileReference; fileEncoding = 4; lastKnownFileType = sourcecode.c.c; path = func.c; sourceTree = "<group>"; };
		71966CF41A293502001F09BA /* func.h */ = {isa = PBXFileReference; fileEncoding = 4; lastKnownFileType = sourcecode.c.h; path = func.h; sourceTree = "<group>"; };
/* End PBXFileReference section */

/* Begin PBXFrameworksBuildPhase section */
		71966CE61A2934F4001F09BA /* Frameworks */ = {
			isa = PBXFrameworksBuildPhase;
			buildActionMask = 2147483647;
			files = (
			);
			runOnlyForDeploymentPostprocessing = 0;
		};
/* End PBXFrameworksBuildPhase section */

/* Begin PBXGroup section */
		71966CE01A2934F4001F09BA = {
			isa = PBXGroup;
			children = (
				71966CEB1A2934F4001F09BA /* two_list */,
				71966CEA1A2934F4001F09BA /* Products */,
			);
			sourceTree = "<group>";
		};
		71966CEA1A2934F4001F09BA /* Products */ = {
			isa = PBXGroup;
			children = (
				71966CE91A2934F4001F09BA /* two_list */,
			);
			name = Products;
			sourceTree = "<group>";
		};
		71966CEB1A2934F4001F09BA /* two_list */ = {
			isa = PBXGroup;
			children = (
				71966CEC1A2934F4001F09BA /* main.c */,
				71966CF31A293502001F09BA /* func.c */,
				71966CF41A293502001F09BA /* func.h */,
			);
			path = two_list;
			sourceTree = "<group>";
		};
/* End PBXGroup section */

/* Begin PBXNativeTarget section */
		71966CE81A2934F4001F09BA /* two_list */ = {
			isa = PBXNativeTarget;
			buildConfigurationList = 71966CF01A2934F4001F09BA /* Build configuration list for PBXNativeTarget "two_list" */;
			buildPhases = (
				71966CE51A2934F4001F09BA /* Sources */,
				71966CE61A2934F4001F09BA /* Frameworks */,
				71966CE71A2934F4001F09BA /* CopyFiles */,
			);
			buildRules = (
			);
			dependencies = (
			);
			name = two_list;
			productName = two_list;
			productReference = 71966CE91A2934F4001F09BA /* two_list */;
			productType = "com.apple.product-type.tool";
		};
/* End PBXNativeTarget section */

/* Begin PBXProject section */
		71966CE11A2934F4001F09BA /* Project object */ = {
			isa = PBXProject;
			attributes = {
				LastUpgradeCheck = 0610;
				ORGANIZATIONNAME = "Ilya Onishenko";
				TargetAttributes = {
					71966CE81A2934F4001F09BA = {
						CreatedOnToolsVersion = 6.1;
					};
				};
			};
			buildConfigurationList = 71966CE41A2934F4001F09BA /* Build configuration list for PBXProject "two_list" */;
			compatibilityVersion = "Xcode 3.2";
			developmentRegion = English;
			hasScannedForEncodings = 0;
			knownRegions = (
				en,
			);
			mainGroup = 71966CE01A2934F4001F09BA;
			productRefGroup = 71966CEA1A2934F4001F09BA /* Products */;
			projectDirPath = "";
			projectRoot = "";
			targets = (
				71966CE81A2934F4001F09BA /* two_list */,
			);
		};
/* End PBXProject section */

/* Begin PBXSourcesBuildPhase section */
		71966CE51A2934F4001F09BA /* Sources */ = {
			isa = PBXSourcesBuildPhase;
			buildActionMask = 2147483647;
			files = (
				71966CED1A2934F4001F09BA /* main.c in Sources */,
				71966CF51A293502001F09BA /* func.c in Sources */,
			);
			runOnlyForDeploymentPostprocessing = 0;
		};
/* End PBXSourcesBuildPhase section */

/* Begin XCBuildConfiguration section */
		71966CEE1A2934F4001F09BA /* Debug */ = {
			isa = XCBuildConfiguration;
			buildSettings = {
				ALWAYS_SEARCH_USER_PATHS = NO;
				CLANG_CXX_LANGUAGE_STANDARD = "gnu++0x";
				CLANG_CXX_LIBRARY = "libc++";
				CLANG_ENABLE_MODULES = YES;
				CLANG_ENABLE_OBJC_ARC = YES;
				CLANG_WARN_BOOL_CONVERSION = YES;
				CLANG_WARN_CONSTANT_CONVERSION = YES;
				CLANG_WARN_DIRECT_OBJC_ISA_USAGE = YES_ERROR;
				CLANG_WARN_EMPTY_BODY = YES;
				CLANG_WARN_ENUM_CONVERSION = YES;
				CLANG_WARN_INT_CONVERSION = YES;
				CLANG_WARN_OBJC_ROOT_CLASS = YES_ERROR;
				CLANG_WARN_UNREACHABLE_CODE = YES;
				CLANG_WARN__DUPLICATE_METHOD_MATCH = YES;
				COPY_PHASE_STRIP = NO;
				ENABLE_STRICT_OBJC_MSGSEND = YES;
				GCC_C_LANGUAGE_STANDARD = gnu99;
				GCC_DYNAMIC_NO_PIC = NO;
				GCC_OPTIMIZATION_LEVEL = 0;
				GCC_PREPROCESSOR_DEFINITIONS = (
					"DEBUG=1",
					"$(inherited)",
				);
				GCC_SYMBOLS_PRIVATE_EXTERN = NO;
				GCC_WARN_64_TO_32_BIT_CONVERSION = YES;
				GCC_WARN_ABOUT_RETURN_TYPE = YES_ERROR;
				GCC_WARN_UNDECLARED_SELECTOR = YES;
				GCC_WARN_UNINITIALIZED_AUTOS = YES_AGGRESSIVE;
				GCC_WARN_UNUSED_FUNCTION = YES;
				GCC_WARN_UNUSED_VARIABLE = YES;
				MACOSX_DEPLOYMENT_TARGET = 10.10;
				MTL_ENABLE_DEBUG_INFO = YES;
				ONLY_ACTIVE_ARCH = YES;
				SDKROOT = macosx;
			};
			name = Debug;
		};
		71966CEF1A2934F4001F09BA /* Release */ = {
			isa = XCBuildConfiguration;
			buildSettings = {
				ALWAYS_SEARCH_USER_PATHS = NO;
				CLANG_CXX_LANGUAGE_STANDARD = "gnu++0x";
				CLANG_CXX_LIBRARY = "libc++";
				CLANG_ENABLE_MODULES = YES;
				CLANG_ENABLE_OBJC_ARC = YES;
				CLANG_WARN_BOOL_CONVERSION = YES;
				CLANG_WARN_CONSTANT_CONVERSION = YES;
				CLANG_WARN_DIRECT_OBJC_ISA_USAGE = YES_ERROR;
				CLANG_WARN_EMPTY_BODY = YES;
				CLANG_WARN_ENUM_CONVERSION = YES;
				CLANG_WARN_INT_CONVERSION = YES;
				CLANG_WARN_OBJC_ROOT_CLASS = YES_ERROR;
				CLANG_WARN_UNREACHABLE_CODE = YES;
				CLANG_WARN__DUPLICATE_METHOD_MATCH = YES;
				COPY_PHASE_STRIP = YES;
				DEBUG_INFORMATION_FORMAT = "dwarf-with-dsym";
				ENABLE_NS_ASSERTIONS = NO;
				ENABLE_STRICT_OBJC_MSGSEND = YES;
				GCC_C_LANGUAGE_STANDARD = gnu99;
				GCC_WARN_64_TO_32_BIT_CONVERSION = YES;
				GCC_WARN_ABOUT_RETURN_TYPE = YES_ERROR;
				GCC_WARN_UNDECLARED_SELECTOR = YES;
				GCC_WARN_UNINITIALIZED_AUTOS = YES_AGGRESSIVE;
				GCC_WARN_UNUSED_FUNCTION = YES;
				GCC_WARN_UNUSED_VARIABLE = YES;
				MACOSX_DEPLOYMENT_TARGET = 10.10;
				MTL_ENABLE_DEBUG_INFO = NO;
				SDKROOT = macosx;
			};
			name = Release;
		};
		71966CF11A2934F4001F09BA /* Debug */ = {
			isa = XCBuildConfiguration;
			buildSettings = {
				PRODUCT_NAME = "$(TARGET_NAME)";
			};
			name = Debug;
		};
		71966CF21A2934F4001F09BA /* Release */ = {
			isa = XCBuildConfiguration;
			buildSettings = {
				PRODUCT_NAME = "$(TARGET_NAME)";
			};
			name = Release;
		};
/* End XCBuildConfiguration section */

/* Begin XCConfigurationList section */
		71966CE41A2934F4001F09BA /* Build configuration list for PBXProject "two_list" */ = {
			isa = XCConfigurationList;
			buildConfigurations = (
				71966CEE1A2934F4001F09BA /* Debug */,
				71966CEF1A2934F4001F09BA /* Release */,
			);
			defaultConfigurationIsVisible = 0;
			defaultConfigurationName = Release;
		};
		71966CF01A2934F4001F09BA /* Build configuration list for PBXNativeTarget "two_list" */ = {
			isa = XCConfigurationList;
			buildConfigurations = (
				71966CF11A2934F4001F09BA /* Debug */,
				71966CF21A2934F4001F09BA /* Release */,
			);
			defaultConfigurationIsVisible = 0;
			defaultConfigurationName = Release;
		};
/* End XCConfigurationList section */
	};
	rootObject = 71966CE11A2934F4001F09BA /* Project object */;
}
