// !$*UTF8*$!
{
	archiveVersion = 1;
	classes = {
	};
	objectVersion = 46;
	objects = {

/* Begin PBXBuildFile section */
		71EF06F61A38DBDD001B8CD3 /* main.cpp in Sources */ = {isa = PBXBuildFile; fileRef = 71EF06F51A38DBDD001B8CD3 /* main.cpp */; };
		71EF06FE1A38E17F001B8CD3 /* func.cpp in Sources */ = {isa = PBXBuildFile; fileRef = 71EF06FC1A38E17F001B8CD3 /* func.cpp */; };
/* End PBXBuildFile section */

/* Begin PBXCopyFilesBuildPhase section */
		71EF06F01A38DBDD001B8CD3 /* CopyFiles */ = {
			isa = PBXCopyFilesBuildPhase;
			buildActionMask = 2147483647;
			dstPath = /usr/share/man/man1/;
			dstSubfolderSpec = 0;
			files = (
			);
			runOnlyForDeploymentPostprocessing = 1;
		};
/* End PBXCopyFilesBuildPhase section */

/* Begin PBXFileReference section */
		71EF06F21A38DBDD001B8CD3 /* sortings */ = {isa = PBXFileReference; explicitFileType = "compiled.mach-o.executable"; includeInIndex = 0; path = sortings; sourceTree = BUILT_PRODUCTS_DIR; };
		71EF06F51A38DBDD001B8CD3 /* main.cpp */ = {isa = PBXFileReference; lastKnownFileType = sourcecode.cpp.cpp; path = main.cpp; sourceTree = "<group>"; };
		71EF06FC1A38E17F001B8CD3 /* func.cpp */ = {isa = PBXFileReference; fileEncoding = 4; lastKnownFileType = sourcecode.cpp.cpp; path = func.cpp; sourceTree = "<group>"; };
		71EF06FD1A38E17F001B8CD3 /* func.h */ = {isa = PBXFileReference; fileEncoding = 4; lastKnownFileType = sourcecode.c.h; path = func.h; sourceTree = "<group>"; };
/* End PBXFileReference section */

/* Begin PBXFrameworksBuildPhase section */
		71EF06EF1A38DBDD001B8CD3 /* Frameworks */ = {
			isa = PBXFrameworksBuildPhase;
			buildActionMask = 2147483647;
			files = (
			);
			runOnlyForDeploymentPostprocessing = 0;
		};
/* End PBXFrameworksBuildPhase section */

/* Begin PBXGroup section */
		71EF06E91A38DBDD001B8CD3 = {
			isa = PBXGroup;
			children = (
				71EF06F41A38DBDD001B8CD3 /* sortings */,
				71EF06F31A38DBDD001B8CD3 /* Products */,
			);
			sourceTree = "<group>";
		};
		71EF06F31A38DBDD001B8CD3 /* Products */ = {
			isa = PBXGroup;
			children = (
				71EF06F21A38DBDD001B8CD3 /* sortings */,
			);
			name = Products;
			sourceTree = "<group>";
		};
		71EF06F41A38DBDD001B8CD3 /* sortings */ = {
			isa = PBXGroup;
			children = (
				71EF06F51A38DBDD001B8CD3 /* main.cpp */,
				71EF06FC1A38E17F001B8CD3 /* func.cpp */,
				71EF06FD1A38E17F001B8CD3 /* func.h */,
			);
			path = sortings;
			sourceTree = "<group>";
		};
/* End PBXGroup section */

/* Begin PBXNativeTarget section */
		71EF06F11A38DBDD001B8CD3 /* sortings */ = {
			isa = PBXNativeTarget;
			buildConfigurationList = 71EF06F91A38DBDD001B8CD3 /* Build configuration list for PBXNativeTarget "sortings" */;
			buildPhases = (
				71EF06EE1A38DBDD001B8CD3 /* Sources */,
				71EF06EF1A38DBDD001B8CD3 /* Frameworks */,
				71EF06F01A38DBDD001B8CD3 /* CopyFiles */,
			);
			buildRules = (
			);
			dependencies = (
			);
			name = sortings;
			productName = sortings;
			productReference = 71EF06F21A38DBDD001B8CD3 /* sortings */;
			productType = "com.apple.product-type.tool";
		};
/* End PBXNativeTarget section */

/* Begin PBXProject section */
		71EF06EA1A38DBDD001B8CD3 /* Project object */ = {
			isa = PBXProject;
			attributes = {
				LastUpgradeCheck = 0610;
				ORGANIZATIONNAME = "Ilya Onishenko";
				TargetAttributes = {
					71EF06F11A38DBDD001B8CD3 = {
						CreatedOnToolsVersion = 6.1;
					};
				};
			};
			buildConfigurationList = 71EF06ED1A38DBDD001B8CD3 /* Build configuration list for PBXProject "sortings" */;
			compatibilityVersion = "Xcode 3.2";
			developmentRegion = English;
			hasScannedForEncodings = 0;
			knownRegions = (
				en,
			);
			mainGroup = 71EF06E91A38DBDD001B8CD3;
			productRefGroup = 71EF06F31A38DBDD001B8CD3 /* Products */;
			projectDirPath = "";
			projectRoot = "";
			targets = (
				71EF06F11A38DBDD001B8CD3 /* sortings */,
			);
		};
/* End PBXProject section */

/* Begin PBXSourcesBuildPhase section */
		71EF06EE1A38DBDD001B8CD3 /* Sources */ = {
			isa = PBXSourcesBuildPhase;
			buildActionMask = 2147483647;
			files = (
				71EF06F61A38DBDD001B8CD3 /* main.cpp in Sources */,
				71EF06FE1A38E17F001B8CD3 /* func.cpp in Sources */,
			);
			runOnlyForDeploymentPostprocessing = 0;
		};
/* End PBXSourcesBuildPhase section */

/* Begin XCBuildConfiguration section */
		71EF06F71A38DBDD001B8CD3 /* Debug */ = {
			isa = XCBuildConfiguration;
			buildSettings = {
				ALWAYS_SEARCH_USER_PATHS = NO;
				CLANG_CXX_LANGUAGE_STANDARD = "gnu++0x";
				CLANG_CXX_LIBRARY = "libc++";
				CLANG_ENABLE_MODULES = YES;
				CLANG_ENABLE_OBJC_ARC = YES;
				CLANG_WARN_BOOL_CONVERSION = YES;
				CLANG_WARN_CONSTANT_CONVERSION = YES;
				CLANG_WARN_DIRECT_OBJC_ISA_USAGE = YES_ERROR;
				CLANG_WARN_EMPTY_BODY = YES;
				CLANG_WARN_ENUM_CONVERSION = YES;
				CLANG_WARN_INT_CONVERSION = YES;
				CLANG_WARN_OBJC_ROOT_CLASS = YES_ERROR;
				CLANG_WARN_UNREACHABLE_CODE = YES;
				CLANG_WARN__DUPLICATE_METHOD_MATCH = YES;
				COPY_PHASE_STRIP = NO;
				ENABLE_STRICT_OBJC_MSGSEND = YES;
				GCC_C_LANGUAGE_STANDARD = gnu99;
				GCC_DYNAMIC_NO_PIC = NO;
				GCC_OPTIMIZATION_LEVEL = 0;
				GCC_PREPROCESSOR_DEFINITIONS = (
					"DEBUG=1",
					"$(inherited)",
				);
				GCC_SYMBOLS_PRIVATE_EXTERN = NO;
				GCC_WARN_64_TO_32_BIT_CONVERSION = YES;
				GCC_WARN_ABOUT_RETURN_TYPE = YES_ERROR;
				GCC_WARN_UNDECLARED_SELECTOR = YES;
				GCC_WARN_UNINITIALIZED_AUTOS = YES_AGGRESSIVE;
				GCC_WARN_UNUSED_FUNCTION = YES;
				GCC_WARN_UNUSED_VARIABLE = YES;
				MACOSX_DEPLOYMENT_TARGET = 10.10;
				MTL_ENABLE_DEBUG_INFO = YES;
				ONLY_ACTIVE_ARCH = YES;
				SDKROOT = macosx;
			};
			name = Debug;
		};
		71EF06F81A38DBDD001B8CD3 /* Release */ = {
			isa = XCBuildConfiguration;
			buildSettings = {
				ALWAYS_SEARCH_USER_PATHS = NO;
				CLANG_CXX_LANGUAGE_STANDARD = "gnu++0x";
				CLANG_CXX_LIBRARY = "libc++";
				CLANG_ENABLE_MODULES = YES;
				CLANG_ENABLE_OBJC_ARC = YES;
				CLANG_WARN_BOOL_CONVERSION = YES;
				CLANG_WARN_CONSTANT_CONVERSION = YES;
				CLANG_WARN_DIRECT_OBJC_ISA_USAGE = YES_ERROR;
				CLANG_WARN_EMPTY_BODY = YES;
				CLANG_WARN_ENUM_CONVERSION = YES;
				CLANG_WARN_INT_CONVERSION = YES;
				CLANG_WARN_OBJC_ROOT_CLASS = YES_ERROR;
				CLANG_WARN_UNREACHABLE_CODE = YES;
				CLANG_WARN__DUPLICATE_METHOD_MATCH = YES;
				COPY_PHASE_STRIP = YES;
				DEBUG_INFORMATION_FORMAT = "dwarf-with-dsym";
				ENABLE_NS_ASSERTIONS = NO;
				ENABLE_STRICT_OBJC_MSGSEND = YES;
				GCC_C_LANGUAGE_STANDARD = gnu99;
				GCC_WARN_64_TO_32_BIT_CONVERSION = YES;
				GCC_WARN_ABOUT_RETURN_TYPE = YES_ERROR;
				GCC_WARN_UNDECLARED_SELECTOR = YES;
				GCC_WARN_UNINITIALIZED_AUTOS = YES_AGGRESSIVE;
				GCC_WARN_UNUSED_FUNCTION = YES;
				GCC_WARN_UNUSED_VARIABLE = YES;
				MACOSX_DEPLOYMENT_TARGET = 10.10;
				MTL_ENABLE_DEBUG_INFO = NO;
				SDKROOT = macosx;
			};
			name = Release;
		};
		71EF06FA1A38DBDD001B8CD3 /* Debug */ = {
			isa = XCBuildConfiguration;
			buildSettings = {
				PRODUCT_NAME = "$(TARGET_NAME)";
			};
			name = Debug;
		};
		71EF06FB1A38DBDD001B8CD3 /* Release */ = {
			isa = XCBuildConfiguration;
			buildSettings = {
				PRODUCT_NAME = "$(TARGET_NAME)";
			};
			name = Release;
		};
/* End XCBuildConfiguration section */

/* Begin XCConfigurationList section */
		71EF06ED1A38DBDD001B8CD3 /* Build configuration list for PBXProject "sortings" */ = {
			isa = XCConfigurationList;
			buildConfigurations = (
				71EF06F71A38DBDD001B8CD3 /* Debug */,
				71EF06F81A38DBDD001B8CD3 /* Release */,
			);
			defaultConfigurationIsVisible = 0;
			defaultConfigurationName = Release;
		};
		71EF06F91A38DBDD001B8CD3 /* Build configuration list for PBXNativeTarget "sortings" */ = {
			isa = XCConfigurationList;
			buildConfigurations = (
				71EF06FA1A38DBDD001B8CD3 /* Debug */,
				71EF06FB1A38DBDD001B8CD3 /* Release */,
			);
			defaultConfigurationIsVisible = 0;
		};
/* End XCConfigurationList section */
	};
	rootObject = 71EF06EA1A38DBDD001B8CD3 /* Project object */;
}
